# This file is automatically @generated by Poetry 2.4.1 and should not be changed by hand.

[[package]]
name = "et-xmlfile"
version = "2.0.0"
description = "An implementation of lxml.xmlfile for the standard library"
optional = false
python-versions = ">=3.8"
groups = ["main"]
files = [
    {file = "et_xmlfile-2.0.0-py3-none-any.whl", hash = "sha256:7a91720bc756843502c3b7504c77b8fe44217c85c537d85037f0f536151b2caa"},
    {file = "et_xmlfile-2.0.0.tar.gz", hash = "sha256:dab3f4764309081ce75662649be815c4c9081e88f0837825f90fd28317d4da54"},
]

[[package]]
name = "greenlet"
version = "3.5.3"
description = "Lightweight in-process concurrent programming"
optional = false
python-versions = ">=3.10"
groups = ["main"]
markers = "platform_machine == \"aarch64\" or platform_machine == \"ppc64le\" or platform_machine == \"x86_64\" or platform_machine == \"amd64\" or platform_machine == \"AMD64\" or platform_machine == \"win32\" or platform_machine == \"WIN32\""
files = [
    {file = "greenlet-3.5.3-cp310-cp310-macosx_11_0_universal2.whl", hash = "sha256:c180d22d325fb613956b443c3c6f4406eb70e6defc70d3974da2a7b59e06f48c"},
    {file = "greenlet-3.5.3-cp310-cp310-manylinux_2_24_aarch64.manylinux_2_28_aarch64.whl", hash = "sha256:483d08c11181c83a6ce1a7a61df0f624a208ec40817a3bb2302714592eee4f04"},
    {file = "greenlet-3.5.3-cp310-cp310-manylinux_2_24_ppc64le.manylinux_2_28_ppc64le.whl", hash = "sha256:1dae6e0091eae084317e411f047f0b7cb241c6db570f7c45fd6b900a274914ce"},
    {file = "greenlet-3.5.3-cp310-cp310-manylinux_2_24_s390x.manylinux_2_28_s390x.whl", hash = "sha256:0f6ff50ff8dbd51fae9b37f4101648b04ea0df19b3f50ab2beb5061e7716a5c8"},
    {file = "greenlet-3.5.3-cp310-cp310-manylinux_2_24_x86_64.manylinux_2_28_x86_64.whl", hash = "sha256:9bcd2d72ccd70a1ec68ba6ef93e7fbb4420ef9997dabc7010d893bd4015e0bec"},
    {file = "greenlet-3.5.3-cp310-cp310-manylinux_2_39_riscv64.whl", hash = "sha256:37bf9c538f5ae6e63d643f88dec37c0c83bdf0e2ebc62961dedcf458822f7b71"},
    {file = "greenlet-3.5.3-cp310-cp310-musllinux_1_2_aarch64.whl", hash = "sha256:73f152c895e09907e0dbe24f6c2db37beb085cd63db91c3825a0fcd0064124a8"},
    {file = "greenlet-3.5.3-cp310-cp310-musllinux_1_2_x86_64.whl", hash = "sha256:8bdb43e1a1d1873721acab2be99c5befd4d2044ddfd52e4d610801019880a702"},
    {file = "greenlet-3.5.3-cp310-cp310-win_amd64.whl", hash = "sha256:0909f9355a9f24845d3299f3112e266a06afb68302041989fd26bd68894933db"},
    {file = "greenlet-3.5.3-cp311-cp311-macosx_11_0_universal2.whl", hash = "sha256:aca9b4ce85b152b5524ef7d88170efdff80dc0032aa8b75f9aaf7f3479ea95b4"},
    {file = "greenlet-3.5.3-cp311-cp311-manylinux_2_24_aarch64.manylinux_2_28_aarch64.whl", hash = "sha256:0f71be4920368fe1fabeeaa53d1e3548337e2b223d9565f8ad5e392a75ba23fc"},
    {file = "greenlet-3.5.3-cp311-cp311-manylinux_2_24_ppc64le.manylinux_2_28_ppc64le.whl", hash = "sha256:4d77e67f65f98449e3fb83f795b5d0a8437aead2f874ca89c96576caf4be3af6"},
    {file = "greenlet-3.5.3-cp311-cp311-manylinux_2_24_s390x.manylinux_2_28_s390x.whl", hash = "sha256:e18619ba655ac05d78d80fc83cac4ba892bd6927b99e3b8237aee861aaacc8bb"},
    {file = "greenlet-3.5.3-cp311-cp311-manylinux_2_24_x86_64.manylinux_2_28_x86_64.whl", hash = "sha256:8540f1e6205bd13ca0ce685581037219ca54a1b41a0a15d228c6c9b8ad5903d7"},
    {file = "greenlet-3.5.3-cp311-cp311-manylinux_2_39_riscv64.whl", hash = "sha256:d27c0c653a60d9535f690226474a5cc1036a8b0d7b57504d1c4f89c44a07a80c"},
    {file = "greenlet-3.5.3-cp311-cp311-musllinux_1_2_aarch64.whl", hash = "sha256:7ef56fe650f50575bf843acde967b9c567687f3c22340941a899b7bc56e956a8"},
    {file = "greenlet-3.5.3-cp311-cp311-musllinux_1_2_x86_64.whl", hash = "sha256:5121af01cf911e70056c00d4b46d5e9b5d1415550038573d744138bacb59e6b8"},
    {file = "greenlet-3.5.3-cp311-cp311-win_amd64.whl", hash = "sha256:0f41e4a05a3c0cb31b17023eff28dd111e1d16bf7d7d00406cd7df23f31398a7"},
    {file = "greenlet-3.5.3-cp311-cp311-win_arm64.whl", hash = "sha256:ec6f1af59f6b5f3fc9678e2ea062d8377d22ac644f7844cb7a292910cf12ff44"},
    {file = "greenlet-3.5.3-cp312-cp312-macosx_11_0_universal2.whl", hash = "sha256:719757059f5a53fd0dde23f78cffeafcdd97b21c850ddb7ca684a3c1a1f122e2"},
    {file = "greenlet-3.5.3-cp312-cp312-manylinux_2_24_aarch64.manylinux_2_28_aarch64.whl", hash = "sha256:efa9f765dd09f9d0cdac651ffdf631ee59ec5dc6ee7a73e0c012ba9c52fbdf5b"},
    {file = "greenlet-3.5.3-cp312-cp312-manylinux_2_24_ppc64le.manylinux_2_28_ppc64le.whl", hash = "sha256:7faba15ac005376e02a0384504e0243be3370ce010296a44a820feb342b505ab"},
    {file = "greenlet-3.5.3-cp312-cp312-manylinux_2_24_s390x.manylinux_2_28_s390x.whl", hash = "sha256:5795cd1101371140551c645f2d408b8d3c01a5a29cf8a9bce6e759c983682d23"},
    {file = "greenlet-3.5.3-cp312-cp312-manylinux_2_24_x86_64.manylinux_2_28_x86_64.whl", hash = "sha256:87142215824be6ac05e2e8e2786eec307ccbc27c36723c3881959df654af6861"},
    {file = "greenlet-3.5.3-cp312-cp312-manylinux_2_39_riscv64.whl", hash = "sha256:af4923b3096e26a36d7e9cf24ab88083a20f97d191e3b97f253731ce9b41b28c"},
    {file = "greenlet-3.5.3-cp312-cp312-musllinux_1_2_aarch64.whl", hash = "sha256:215275b1b49320987352e6c1b054acca0064f965a2c66992bed9a6f7d913f149"},
    {file = "greenlet-3.5.3-cp312-cp312-musllinux_1_2_x86_64.whl", hash = "sha256:6b1b0eed82364b0e32c4ea0f221452d33e6bb17ae094d9f72aed9851812747ea"},
    {file = "greenlet-3.5.3-cp312-cp312-win_amd64.whl", hash = "sha256:cde8adafa2365676f74a979744629589999093bc86e2484214f58e61df08902c"},
    {file = "greenlet-3.5.3-cp312-cp312-win_arm64.whl", hash = "sha256:c4e7b79d83805475f0102008843f6eb45fd3bb0b2e88c774adab5fbaab27117d"},
    {file = "greenlet-3.5.3-cp313-cp313-macosx_11_0_universal2.whl", hash = "sha256:c8d87c2134d871df96ecdea9cec7cbaab286dadab0f56476e57aaf9e8ac11550"},
    {file = "greenlet-3.5.3-cp313-cp313-manylinux_2_24_aarch64.manylinux_2_28_aarch64.whl", hash = "sha256:a2d185dd1621757e70c3861cceffd5317ab4e7ed7eb09c82994828468527ade5"},
    {file = "greenlet-3.5.3-cp313-cp313-manylinux_2_24_ppc64le.manylinux_2_28_ppc64le.whl", hash = "sha256:1c514a468149bf8fbbab874188a3535cd8a48a3e353eb53a3d424296f8dbacd3"},
    {file = "greenlet-3.5.3-cp313-cp313-manylinux_2_24_s390x.manylinux_2_28_s390x.whl", hash = "sha256:9ad04dd75458c6300b047c61b8639092433d205a25a14e310d6582a480efcca1"},
    {file = "greenlet-3.5.3-cp313-cp313-manylinux_2_24_x86_64.manylinux_2_28_x86_64.whl", hash = "sha256:915f887cf2682b66419b879423a2e072634aa7b7dce6f3ada4957cfced3f1e9a"},
    {file = "greenlet-3.5.3-cp313-cp313-manylinux_2_39_riscv64.whl", hash = "sha256:afaabdd554cd7ae9bbb3ca070b0d7fdfd207dbf1d16865f7233837709d354bda"},
    {file = "greenlet-3.5.3-cp313-cp313-musllinux_1_2_aarch64.whl", hash = "sha256:766cfd421c13e450feb340cd472a3ed9957d438727b7b4593ad7c76c5d2b0deb"},
    {file = "greenlet-3.5.3-cp313-cp313-musllinux_1_2_x86_64.whl", hash = "sha256:2ecda9ec22edf38fa389369eaed8c3d37c05f3c54e69f69438dbb2cc1de1458b"},
    {file = "greenlet-3.5.3-cp313-cp313-win_amd64.whl", hash = "sha256:c82304750f057167ff60d188df1d0cc1764ce9567eadf03e6a7443bcedd0b30b"},
    {file = "greenlet-3.5.3-cp313-cp313-win_arm64.whl", hash = "sha256:dc133a1569ee667b2a6ef56ce551084aeefd87a5acbc4736d336d1e2edc6cfc4"},
    {file = "greenlet-3.5.3-cp314-cp314-macosx_11_0_universal2.whl", hash = "sha256:fd2e02fa07485778536a036222d616ab957b1d533f36b3ed98ce725d9c9d3117"},
    {file = "greenlet-3.5.3-cp314-cp314-manylinux_2_24_aarch64.manylinux_2_28_aarch64.whl", hash = "sha256:df0a0628d1597eb0897b62f55d1343f772405fd25f3b2a796c76874b0c2e22e8"},
    {file = "greenlet-3.5.3-cp314-cp314-manylinux_2_24_ppc64le.manylinux_2_28_ppc64le.whl", hash = "sha256:ebd933a6adabc298bab47731a130fe6bfb888bd934eee37810f151159544540d"},
    {file = "greenlet-3.5.3-cp314-cp314-manylinux_2_24_s390x.manylinux_2_28_s390x.whl", hash = "sha256:8d19fe6c39ebff9259f07bcc685d3290f8fa4ea2278e51dd0008e4d6b0f2d814"},
    {file = "greenlet-3.5.3-cp314-cp314-manylinux_2_24_x86_64.manylinux_2_28_x86_64.whl", hash = "sha256:4b9d501b40e80b70e32323c799dd9b420a5577a9601469d362ae1ffb690f3a7c"},
    {file = "greenlet-3.5.3-cp314-cp314-manylinux_2_39_riscv64.whl", hash = "sha256:962c5df2db8cb446da51edf1ca5296c389d93b99c9d8aa2ee4c7d0d8f1218260"},
    {file = "greenlet-3.5.3-cp314-cp314-musllinux_1_2_aarch64.whl", hash = "sha256:a1fad1d11e7d6aab184107baa8e4ece11ccba3ec9599cd7efa5ff4d70d43256a"},
    {file = "greenlet-3.5.3-cp314-cp314-musllinux_1_2_x86_64.whl", hash = "sha256:fad5aec764399f1b5cc347ad250a59660f20c8f8888ea6bae1f93b769cce1154"},
    {file = "greenlet-3.5.3-cp314-cp314-win_amd64.whl", hash = "sha256:7669aa24cf2a1041d6f7899575b494a3ab4cf68bfcc8609b1dc0be7272db835e"},
    {file = "greenlet-3.5.3-cp314-cp314-win_arm64.whl", hash = "sha256:5b4807c4082c9d1b6d9eed56fcd041863e37f2228106eef24c30ca096e238605"},
    {file = "greenlet-3.5.3-cp314-cp314t-macosx_11_0_universal2.whl", hash = "sha256:271a8ea7c1024e8a0d7dd2be66dd66dda8a07193f41a17b9e924f7600f5b62be"},
    {file = "greenlet-3.5.3-cp314-cp314t-manylinux_2_24_aarch64.manylinux_2_28_aarch64.whl", hash = "sha256:19131729ae0ddc3c2e1ef85e650169b5e37ee32e400f215f78b94d7b0d567310"},
    {file = "greenlet-3.5.3-cp314-cp314t-manylinux_2_24_ppc64le.manylinux_2_28_ppc64le.whl", hash = "sha256:1540dd8e5fc2a5aec40fbb98ef8e149fa47c89a4b4a1cf2575a14d3d1869d7a8"},
    {file = "greenlet-3.5.3-cp314-cp314t-manylinux_2_24_s390x.manylinux_2_28_s390x.whl", hash = "sha256:b897d97759425953f69a9c0fac67f8fe333ec0ce7377ef186fb2b0c3ad5e354d"},
    {file = "greenlet-3.5.3-cp314-cp314t-manylinux_2_24_x86_64.manylinux_2_28_x86_64.whl", hash = "sha256:e81fa194a1d20967877bdf9c7794db2bc99063e5be36aee710c08f04c5bb087f"},
    {file = "greenlet-3.5.3-cp314-cp314t-manylinux_2_39_riscv64.whl", hash = "sha256:3236754d423955ea08e9bb5f6c04a7895f9e22c290b66aa7653fcb922d839eb0"},
    {file = "greenlet-3.5.3-cp314-cp314t-musllinux_1_2_aarch64.whl", hash = "sha256:55cf4d777485d43110e47133cbba6d74a8885a87ec1227ef0267f9ee80c5aa21"},
    {file = "greenlet-3.5.3-cp314-cp314t-musllinux_1_2_x86_64.whl", hash = "sha256:12a248ba75f6a9a236375f52296c498c89ff1d8badf32deb9eca7abd5853f7da"},
    {file = "greenlet-3.5.3-cp314-cp314t-win_amd64.whl", hash = "sha256:efc6bd60ea02e085862c74a3ef64b147ffc6f1a5ea7d9f26e7a939943f68c1e3"},
    {file = "greenlet-3.5.3-cp315-cp315-macosx_11_0_universal2.whl", hash = "sha256:ea03f2f04367845d6b58eeed276e1e56e51f0b97d8ad5a88a7d20a91dc9056cc"},
    {file = "greenlet-3.5.3-cp315-cp315-manylinux_2_24_aarch64.manylinux_2_28_aarch64.whl", hash = "sha256:78dbef602fda6d97d957eb7937f70c9ce9e9527330347f8f6b6f9e554a9e7a47"},
    {file = "greenlet-3.5.3-cp315-cp315-manylinux_2_24_ppc64le.manylinux_2_28_ppc64le.whl", hash = "sha256:6f73857adb8fee13fa56c172bd11262f888c0c648f9fea113e777bb2c7904a81"},
    {file = "greenlet-3.5.3-cp315-cp315-manylinux_2_24_s390x.manylinux_2_28_s390x.whl", hash = "sha256:cefa9cef4b371f9844c6053db71f1138bc6807bab1578b0dae5149c1f1141357"},
    {file = "greenlet-3.5.3-cp315-cp315-manylinux_2_24_x86_64.manylinux_2_28_x86_64.whl", hash = "sha256:232fec92e823addaf02d9472cf7381e24a1d046a6ced1103c5caa4c21b9dfc1d"},
    {file = "greenlet-3.5.3-cp315-cp315-manylinux_2_39_riscv64.whl", hash = "sha256:6219b6d04dbf6ba6084d77dc609e8473060dc55f759cbf626d512122781fa128"},
    {file = "greenlet-3.5.3-cp315-cp315-musllinux_1_2_aarch64.whl", hash = "sha256:2421c3564da9429d5586d46ca31ebb26516b5498a802cf65c041a8e8a8980d34"},
    {file = "greenlet-3.5.3-cp315-cp315-musllinux_1_2_x86_64.whl", hash = "sha256:e0f0d160f0b2e558e6c75f7930967183255dc9735e5f5b8cae58ee09c9576d8b"},
    {file = "greenlet-3.5.3-cp315-cp315-win_amd64.whl", hash = "sha256:dd99329bbc15ca78dcc583dba05d0b1b0bae01ab6c2174989f5aaee3e41ac930"},
    {file = "greenlet-3.5.3-cp315-cp315-win_arm64.whl", hash = "sha256:499fef2acede88c1864a57bb586b4bf533c81e1b82df7ab93451cdb47dfec227"},
    {file = "greenlet-3.5.3-cp315-cp315t-macosx_11_0_universal2.whl", hash = "sha256:176bc16a721fa5fc294d70b87b4dfa5fbdd251b3da5d5372735ecef9bd7d6d0c"},
    {file = "greenlet-3.5.3-cp315-cp315t-manylinux_2_24_aarch64.manylinux_2_28_aarch64.whl", hash = "sha256:629b614d2b786e89c50440e246f33eea78f58a962d0bdbbcc809e6d13605903f"},
    {file = "greenlet-3.5.3-cp315-cp315t-manylinux_2_24_ppc64le.manylinux_2_28_ppc64le.whl", hash = "sha256:2b2e857ae16f5f72142edf75f9f176fe7526ba19a2841df1420516f83831c9f2"},
    {file = "greenlet-3.5.3-cp315-cp315t-manylinux_2_24_s390x.manylinux_2_28_s390x.whl", hash = "sha256:16d192579ed281051396dddd7f7754dac6259e6b1fb26378c87b66622f8e3f91"},
    {file = "greenlet-3.5.3-cp315-cp315t-manylinux_2_24_x86_64.manylinux_2_28_x86_64.whl", hash = "sha256:e515757e2e36bcbf1fad09a46e1557e8b1ae1797d4b44d09da7deed88ad28608"},
    {file = "greenlet-3.5.3-cp315-cp315t-manylinux_2_39_riscv64.whl", hash = "sha256:4399eb8d041f20b68d943918bc55502a93d6fdc0a37c14da7881c04139acee9d"},
    {file = "greenlet-3.5.3-cp315-cp315t-musllinux_1_2_aarch64.whl", hash = "sha256:b363d46ed1ea431825fdb01471bb024fc08399bad1572a616e853c7684415adb"},
    {file = "greenlet-3.5.3-cp315-cp315t-musllinux_1_2_x86_64.whl", hash = "sha256:e44da2f5bbdaabaf7d80b73dbb430c7035771e9f244e3c8b769715c9d8fa0a16"},
    {file = "greenlet-3.5.3-cp315-cp315t-win_amd64.whl", hash = "sha256:8ff8bed3e3baa20a3ea261ce00526f1898ad4801d4886fd2220580ee0ad8fadf"},
    {file = "greenlet-3.5.3-cp315-cp315t-win_arm64.whl", hash = "sha256:b7068bd09f761f3f5b4d214c2bed063186b2a86148c740b3873e3f56d79bac31"},
    {file = "greenlet-3.5.3.tar.gz", hash = "sha256:a61efc018fd3eb317eeca31aba90ee9e7f26f22884a79b6c6ec715bf71bb62f1"},
]

[package.extras]
docs = ["Sphinx", "furo"]
test = ["objgraph", "psutil", "setuptools"]

[[package]]
name = "numpy"
version = "2.5.0"
description = "Fundamental package for array computing in Python"
optional = false
python-versions = ">=3.12"
groups = ["main"]
files = [
    {file = "numpy-2.5.0-cp312-cp312-macosx_10_13_x86_64.whl", hash = "sha256:489780423903667933b4ed6197b6ec3b75ea5dd17d1d8f0f38d798feb6921561"},
    {file = "numpy-2.5.0-cp312-cp312-macosx_11_0_arm64.whl", hash = "sha256:ece55976ced6bca95a03ae2839e2e5ccffe8eb6a3e7022415645eb154a81e4e6"},
    {file = "numpy-2.5.0-cp312-cp312-macosx_14_0_arm64.whl", hash = "sha256:c83b664b0e6eee9594fa920cf0639d8af796606d3fad6cc70180c87e4b97c7be"},
    {file = "numpy-2.5.0-cp312-cp312-macosx_14_0_x86_64.whl", hash = "sha256:bf80333980bf37f523341ddd72c783f39d6829ec7736b9eb99086388a2d52cc2"},
    {file = "numpy-2.5.0-cp312-cp312-manylinux_2_27_aarch64.manylinux_2_28_aarch64.whl", hash = "sha256:a1a4874217b36d5ac8fc876f52e39df56f8182c88463e9e2dceabf7ca8b7efb8"},
    {file = "numpy-2.5.0-cp312-cp312-manylinux_2_27_x86_64.manylinux_2_28_x86_64.whl", hash = "sha256:aaa760137137e8d3c920d27927748215b56014f92667dc9b6c27dfc61249255a"},
    {file = "numpy-2.5.0-cp312-cp312-musllinux_1_2_aarch64.whl", hash = "sha256:7174ce8265fc7f7417d171c9ea8fe905220748893ea67a2a7abe726ec331c4b0"},
    {file = "numpy-2.5.0-cp312-cp312-musllinux_1_2_x86_64.whl", hash = "sha256:b8c3daaf99de52415d20b42f8e8155c78642cb04207d02f9d317a0dcf1b3fb54"},
    {file = "numpy-2.5.0-cp312-cp312-win32.whl", hash = "sha256:6206db0af545d73d068add6d992279145f158428d1da6cc49adc4b630c5d6ee5"},
    {file = "numpy-2.5.0-cp312-cp312-win_amd64.whl", hash = "sha256:6f2d6873e2940c860a309d21e25b1e69af6aaffdd80aa056b04c16380db1c4f2"},
    {file = "numpy-2.5.0-cp312-cp312-win_arm64.whl", hash = "sha256:a55e1eb2bca2cfd17a16b213c99dfc8502d47b0d494224d2122277d0400935ca"},
    {file = "numpy-2.5.0-cp313-cp313-macosx_10_13_x86_64.whl", hash = "sha256:520e6b8be0a4b65840ac8090d4f51cef4bed66e2b0894d5a520f099adc24a9b2"},
    {file = "numpy-2.5.0-cp313-cp313-macosx_11_0_arm64.whl", hash = "sha256:146b81cdd3967fdb6beca8ba25f00c58741d8f3cbd797f55af0fbe0bfec3469c"},
    {file = "numpy-2.5.0-cp313-cp313-macosx_14_0_arm64.whl", hash = "sha256:126b88d95e8ff9b00c9e717aa540469f21d6180162f84c0caec51b16215d49cd"},
    {file = "numpy-2.5.0-cp313-cp313-macosx_14_0_x86_64.whl", hash = "sha256:d4313cef1594c5ce46c31b6e54e918338f63f16ee9322304e8c9114d6d81c8bd"},
    {file = "numpy-2.5.0-cp313-cp313-manylinux_2_27_aarch64.manylinux_2_28_aarch64.whl", hash = "sha256:750fb097caf26fa878746d9d119f6f9da12dedcbff1eea966c3e3447647c4a9e"},
    {file = "numpy-2.5.0-cp313-cp313-manylinux_2_27_x86_64.manylinux_2_28_x86_64.whl", hash = "sha256:3893adc2dc7c0412ba76777db55a049215d99c9aa3113003be8f49f4f1290ab9"},
    {file = "numpy-2.5.0-cp313-cp313-musllinux_1_2_aarch64.whl", hash = "sha256:835e454dd99b238cdc5a3f63bce2371296f5ebc53ca1e0f8e6ddbb6d92a29aab"},
    {file = "numpy-2.5.0-cp313-cp313-musllinux_1_2_x86_64.whl", hash = "sha256:6f9836778081a0a3c02a6a21493f3e9f5b311f8d2541934f31f05583dc999ea4"},
    {file = "numpy-2.5.0-cp313-cp313-win32.whl", hash = "sha256:0b525be4744b60bb0557ac872d53ef07d085b5f39622bc579c98d3809d05b988"},
    {file = "numpy-2.5.0-cp313-cp313-win_amd64.whl", hash = "sha256:44353e2878930039db472b99dc353d749826e4010bd4d2a7f835e94a97a5c748"},
    {file = "numpy-2.5.0-cp313-cp313-win_arm64.whl", hash = "sha256:48f54b00711f83a5f796b70c518e8c2b3c5848dda03a54911f23eb68519b9b60"},
    {file = "numpy-2.5.0-cp314-cp314-macosx_10_15_x86_64.whl", hash = "sha256:f27582c55ba4c750b7c58c8faf021d2cd9324a662b466229db8a417b41368af9"},
    {file = "numpy-2.5.0-cp314-cp314-macosx_11_0_arm64.whl", hash = "sha256:28e7137057d551e4a83c4ae414e3451f50568409db7569aacc7f9811ee06a446"},
    {file = "numpy-2.5.0-cp314-cp314-macosx_14_0_arm64.whl", hash = "sha256:e1da54b53e75cd9fcfc23efcc7edab2c6aecf97b6037566d8a0fe804af8ec57c"},
    {file = "numpy-2.5.0-cp314-cp314-macosx_14_0_x86_64.whl", hash = "sha256:694d8f74e156f7fd01179f1aa8faa2f648ab6ae0f70b6c3fe57a03249aea2303"},
    {file = "numpy-2.5.0-cp314-cp314-manylinux_2_27_aarch64.manylinux_2_28_aarch64.whl", hash = "sha256:1a7569a7b53c77716f036bb28cb1c91f166a26ec7d9502cd1e4bdfe502fdec22"},
    {file = "numpy-2.5.0-cp314-cp314-manylinux_2_27_x86_64.manylinux_2_28_x86_64.whl", hash = "sha256:39a0433bd4086ebd462960cf375e19195bb07b53dc1d87dd5fcf47ad78576f03"},
    {file = "numpy-2.5.0-cp314-cp314-musllinux_1_2_aarch64.whl", hash = "sha256:929f0c79ac38bcbd7154fe631dc907abfeddbcc5027a896bd1f7767323271e7a"},
    {file = "numpy-2.5.0-cp314-cp314-musllinux_1_2_x86_64.whl", hash = "sha256:cc4f247a47bbf070bfd70be53ccdcf47b800af563535e7bbe172322197c30e21"},
    {file = "numpy-2.5.0-cp314-cp314-win32.whl", hash = "sha256:5dc71423499fab3f46f7a7201155ade1669ea101f2f429d332df9e72f8161731"},
    {file = "numpy-2.5.0-cp314-cp314-win_amd64.whl", hash = "sha256:ebb81d9d5443e0309d6c54894c3fbed74ad7da0714352a67b6d773cd189eae73"},
    {file = "numpy-2.5.0-cp314-cp314-win_arm64.whl", hash = "sha256:3b94d0d0deceebfad3e67ae5c0e5eb87371e8f7a0581cd04a779928c2450cf1e"},
    {file = "numpy-2.5.0-cp314-cp314t-macosx_11_0_arm64.whl", hash = "sha256:22f3d43e362d650bc39db1f17851302874a148ca95ba6981c1dfb5fa6862f35b"},
    {file = "numpy-2.5.0-cp314-cp314t-macosx_14_0_arm64.whl", hash = "sha256:243563efb4cd7528a264567e9fd206c87826457322521d06206a00bfa316c927"},
    {file = "numpy-2.5.0-cp314-cp314t-macosx_14_0_x86_64.whl", hash = "sha256:84881d825ca75249b189bbee875fcfe3238aa5c479e6100893cda566e8e86826"},
    {file = "numpy-2.5.0-cp314-cp314t-manylinux_2_27_aarch64.manylinux_2_28_aarch64.whl", hash = "sha256:cda12aa4779d42b8771180aba759c96f527d43446d8f380ab59e2b35e8489efd"},
    {file = "numpy-2.5.0-cp314-cp314t-manylinux_2_27_x86_64.manylinux_2_28_x86_64.whl", hash = "sha256:1c0121101093d2bd74981b10f8837d78e794a8ff57834eb27179f49e1ba11ac6"},
    {file = "numpy-2.5.0-cp314-cp314t-musllinux_1_2_aarch64.whl", hash = "sha256:d371c92cfa09da00022f501ab67fafaea813d752eb30ac44336d45b1e5b0268a"},
    {file = "numpy-2.5.0-cp314-cp314t-musllinux_1_2_x86_64.whl", hash = "sha256:9990713e9c38154c6861e7547f1e3fc7a87e75ff09bab24ef1cc81d81c2835e9"},
    {file = "numpy-2.5.0-cp314-cp314t-win32.whl", hash = "sha256:edadfbd4794b1086c0d822f81863e8a68fc129d132fd0bb9e31e955d7fbbbdb7"},
    {file = "numpy-2.5.0-cp314-cp314t-win_amd64.whl", hash = "sha256:f7e5fa4382967ae6548bd2f174219afb908e294b0d5f625af01166edd5f7d9aa"},
    {file = "numpy-2.5.0-cp314-cp314t-win_arm64.whl", hash = "sha256:016623417bb330d719d579daf2d6b9a01ddc52e41a9ed61a47f39fde46dcd865"},
    {file = "numpy-2.5.0.tar.gz", hash = "sha256:5a129578019311b6e56bdd714250f19b518f7dceeeb8d1af5490f4942d3f891c"},
]

[[package]]
name = "openpyxl"
version = "3.1.5"
description = "A Python library to read/write Excel 2010 xlsx/xlsm files"
optional = false
python-versions = ">=3.8"
groups = ["main"]
files = [
    {file = "openpyxl-3.1.5-py2.py3-none-any.whl", hash = "sha256:5282c12b107bffeef825f4617dc029afaf41d0ea60823bbb665ef3079dc79de2"},
    {file = "openpyxl-3.1.5.tar.gz", hash = "sha256:cf0e3cf56142039133628b5acffe8ef0c12bc902d2aadd3e0fe5878dc08d1050"},
]

[package.dependencies]
et-xmlfile = "*"

[[package]]
name = "pandas"
version = "2.3.3"
description = "Powerful data structures for data analysis, time series, and statistics"
optional = false
python-versions = ">=3.9"
groups = ["main"]
files = [
    {file = "pandas-2.3.3-cp310-cp310-macosx_10_9_x86_64.whl", hash = "sha256:376c6446ae31770764215a6c937f72d917f214b43560603cd60da6408f183b6c"},
    {file = "pandas-2.3.3-cp310-cp310-macosx_11_0_arm64.whl", hash = "sha256:e19d192383eab2f4ceb30b412b22ea30690c9e618f78870357ae1d682912015a"},
    {file = "pandas-2.3.3-cp310-cp310-manylinux_2_24_aarch64.manylinux_2_28_aarch64.whl", hash = "sha256:5caf26f64126b6c7aec964f74266f435afef1c1b13da3b0636c7518a1fa3e2b1"},
    {file = "pandas-2.3.3-cp310-cp310-manylinux_2_24_x86_64.manylinux_2_28_x86_64.whl", hash = "sha256:dd7478f1463441ae4ca7308a70e90b33470fa593429f9d4c578dd00d1fa78838"},
    {file = "pandas-2.3.3-cp310-cp310-musllinux_1_2_aarch64.whl", hash = "sha256:4793891684806ae50d1288c9bae9330293ab4e083ccd1c5e383c34549c6e4250"},
    {file = "pandas-2.3.3-cp310-cp310-musllinux_1_2_x86_64.whl", hash = "sha256:28083c648d9a99a5dd035ec125d42439c6c1c525098c58af0fc38dd1a7a1b3d4"},
    {file = "pandas-2.3.3-cp310-cp310-win_amd64.whl", hash = "sha256:503cf027cf9940d2ceaa1a93cfb5f8c8c7e6e90720a2850378f0b3f3b1e06826"},
    {file = "pandas-2.3.3-cp311-cp311-macosx_10_9_x86_64.whl", hash = "sha256:602b8615ebcc4a0c1751e71840428ddebeb142ec02c786e8ad6b1ce3c8dec523"},
    {file = "pandas-2.3.3-cp311-cp311-macosx_11_0_arm64.whl", hash = "sha256:8fe25fc7b623b0ef6b5009149627e34d2a4657e880948ec3c840e9402e5c1b45"},
    {file = "pandas-2.3.3-cp311-cp311-manylinux_2_24_aarch64.manylinux_2_28_aarch64.whl", hash = "sha256:b468d3dad6ff947df92dcb32ede5b7bd41a9b3cceef0a30ed925f6d01fb8fa66"},
    {file = "pandas-2.3.3-cp311-cp311-manylinux_2_24_x86_64.manylinux_2_28_x86_64.whl", hash = "sha256:b98560e98cb334799c0b07ca7967ac361a47326e9b4e5a7dfb5ab2b1c9d35a1b"},
    {file = "pandas-2.3.3-cp311-cp311-musllinux_1_2_aarch64.whl", hash = "sha256:1d37b5848ba49824e5c30bedb9c830ab9b7751fd049bc7914533e01c65f79791"},
    {file = "pandas-2.3.3-cp311-cp311-musllinux_1_2_x86_64.whl", hash = "sha256:db4301b2d1f926ae677a751eb2bd0e8c5f5319c9cb3f88b0becbbb0b07b34151"},
    {file = "pandas-2.3.3-cp311-cp311-win_amd64.whl", hash = "sha256:f086f6fe114e19d92014a1966f43a3e62285109afe874f067f5abbdcbb10e59c"},
    {file = "pandas-2.3.3-cp312-cp312-macosx_10_13_x86_64.whl", hash = "sha256:6d21f6d74eb1725c2efaa71a2bfc661a0689579b58e9c0ca58a739ff0b002b53"},
    {file = "pandas-2.3.3-cp312-cp312-macosx_11_0_arm64.whl", hash = "sha256:3fd2f887589c7aa868e02632612ba39acb0b8948faf5cc58f0850e165bd46f35"},
    {file = "pandas-2.3.3-cp312-cp312-manylinux_2_24_aarch64.manylinux_2_28_aarch64.whl", hash = "sha256:ecaf1e12bdc03c86ad4a7ea848d66c685cb6851d807a26aa245ca3d2017a1908"},
    {file = "pandas-2.3.3-cp312-cp312-manylinux_2_24_x86_64.manylinux_2_28_x86_64.whl", hash = "sha256:b3d11d2fda7eb164ef27ffc14b4fcab16a80e1ce67e9f57e19ec0afaf715ba89"},
    {file = "pandas-2.3.3-cp312-cp312-musllinux_1_2_aarch64.whl", hash = "sha256:a68e15f780eddf2b07d242e17a04aa187a7ee12b40b930bfdd78070556550e98"},
    {file = "pandas-2.3.3-cp312-cp312-musllinux_1_2_x86_64.whl", hash = "sha256:371a4ab48e950033bcf52b6527eccb564f52dc826c02afd9a1bc0ab731bba084"},
    {file = "pandas-2.3.3-cp312-cp312-win_amd64.whl", hash = "sha256:a16dcec078a01eeef8ee61bf64074b4e524a2a3f4b3be9326420cabe59c4778b"},
    {file = "pandas-2.3.3-cp313-cp313-macosx_10_13_x86_64.whl", hash = "sha256:56851a737e3470de7fa88e6131f41281ed440d29a9268dcbf0002da5ac366713"},
    {file = "pandas-2.3.3-cp313-cp313-macosx_11_0_arm64.whl", hash = "sha256:bdcd9d1167f4885211e401b3036c0c8d9e274eee67ea8d0758a256d60704cfe8"},
    {file = "pandas-2.3.3-cp313-cp313-manylinux_2_24_aarch64.manylinux_2_28_aarch64.whl", hash = "sha256:e32e7cc9af0f1cc15548288a51a3b681cc2a219faa838e995f7dc53dbab1062d"},
    {file = "pandas-2.3.3-cp313-cp313-manylinux_2_24_x86_64.manylinux_2_28_x86_64.whl", hash = "sha256:318d77e0e42a628c04dc56bcef4b40de67918f7041c2b061af1da41dcff670ac"},
    {file = "pandas-2.3.3-cp313-cp313-musllinux_1_2_aarch64.whl", hash = "sha256:4e0a175408804d566144e170d0476b15d78458795bb18f1304fb94160cabf40c"},
    {file = "pandas-2.3.3-cp313-cp313-musllinux_1_2_x86_64.whl", hash = "sha256:93c2d9ab0fc11822b5eece72ec9587e172f63cff87c00b062f6e37448ced4493"},
    {file = "pandas-2.3.3-cp313-cp313-win_amd64.whl", hash = "sha256:f8bfc0e12dc78f777f323f55c58649591b2cd0c43534e8355c51d3fede5f4dee"},
    {file = "pandas-2.3.3-cp313-cp313t-macosx_10_13_x86_64.whl", hash = "sha256:75ea25f9529fdec2d2e93a42c523962261e567d250b0013b16210e1d40d7c2e5"},
    {file = "pandas-2.3.3-cp313-cp313t-macosx_11_0_arm64.whl", hash = "sha256:74ecdf1d301e812db96a465a525952f4dde225fdb6d8e5a521d47e1f42041e21"},
    {file = "pandas-2.3.3-cp313-cp313t-manylinux_2_24_aarch64.manylinux_2_28_aarch64.whl", hash = "sha256:6435cb949cb34ec11cc9860246ccb2fdc9ecd742c12d3304989017d53f039a78"},
    {file = "pandas-2.3.3-cp313-cp313t-manylinux_2_24_x86_64.manylinux_2_28_x86_64.whl", hash = "sha256:900f47d8f20860de523a1ac881c4c36d65efcb2eb850e6948140fa781736e110"},
    {file = "pandas-2.3.3-cp313-cp313t-musllinux_1_2_aarch64.whl", hash = "sha256:a45c765238e2ed7d7c608fc5bc4a6f88b642f2f01e70c0c23d2224dd21829d86"},
    {file = "pandas-2.3.3-cp313-cp313t-musllinux_1_2_x86_64.whl", hash = "sha256:c4fc4c21971a1a9f4bdb4c73978c7f7256caa3e62b323f70d6cb80db583350bc"},
    {file = "pandas-2.3.3-cp314-cp314-macosx_10_13_x86_64.whl", hash = "sha256:ee15f284898e7b246df8087fc82b87b01686f98ee67d85a17b7ab44143a3a9a0"},
    {file = "pandas-2.3.3-cp314-cp314-macosx_11_0_arm64.whl", hash = "sha256:1611aedd912e1ff81ff41c745822980c49ce4a7907537be8692c8dbc31924593"},
    {file = "pandas-2.3.3-cp314-cp314-manylinux_2_24_aarch64.manylinux_2_28_aarch64.whl", hash = "sha256:6d2cefc361461662ac48810cb14365a365ce864afe85ef1f447ff5a1e99ea81c"},
    {file = "pandas-2.3.3-cp314-cp314-manylinux_2_24_x86_64.manylinux_2_28_x86_64.whl", hash = "sha256:ee67acbbf05014ea6c763beb097e03cd629961c8a632075eeb34247120abcb4b"},
    {file = "pandas-2.3.3-cp314-cp314-musllinux_1_2_aarch64.whl", hash = "sha256:c46467899aaa4da076d5abc11084634e2d197e9460643dd455ac3db5856b24d6"},
    {file = "pandas-2.3.3-cp314-cp314-musllinux_1_2_x86_64.whl", hash = "sha256:6253c72c6a1d990a410bc7de641d34053364ef8bcd3126f7e7450125887dffe3"},
    {file = "pandas-2.3.3-cp314-cp314-win_amd64.whl", hash = "sha256:1b07204a219b3b7350abaae088f451860223a52cfb8a6c53358e7948735158e5"},
    {file = "pandas-2.3.3-cp314-cp314t-macosx_10_13_x86_64.whl", hash = "sha256:2462b1a365b6109d275250baaae7b760fd25c726aaca0054649286bcfbb3e8ec"},
    {file = "pandas-2.3.3-cp314-cp314t-macosx_11_0_arm64.whl", hash = "sha256:0242fe9a49aa8b4d78a4fa03acb397a58833ef6199e9aa40a95f027bb3a1b6e7"},
    {file = "pandas-2.3.3-cp314-cp314t-manylinux_2_24_aarch64.manylinux_2_28_aarch64.whl", hash = "sha256:a21d830e78df0a515db2b3d2f5570610f5e6bd2e27749770e8bb7b524b89b450"},
    {file = "pandas-2.3.3-cp314-cp314t-manylinux_2_24_x86_64.manylinux_2_28_x86_64.whl", hash = "sha256:2e3ebdb170b5ef78f19bfb71b0dc5dc58775032361fa188e814959b74d726dd5"},
    {file = "pandas-2.3.3-cp314-cp314t-musllinux_1_2_aarch64.whl", hash = "sha256:d051c0e065b94b7a3cea50eb1ec32e912cd96dba41647eb24104b6c6c14c5788"},
    {file = "pandas-2.3.3-cp314-cp314t-musllinux_1_2_x86_64.whl", hash = "sha256:3869faf4bd07b3b66a9f462417d0ca3a9df29a9f6abd5d0d0dbab15dac7abe87"},
    {file = "pandas-2.3.3-cp39-cp39-macosx_10_9_x86_64.whl", hash = "sha256:c503ba5216814e295f40711470446bc3fd00f0faea8a086cbc688808e26f92a2"},
    {file = "pandas-2.3.3-cp39-cp39-macosx_11_0_arm64.whl", hash = "sha256:a637c5cdfa04b6d6e2ecedcb81fc52ffb0fd78ce2ebccc9ea964df9f658de8c8"},
    {file = "pandas-2.3.3-cp39-cp39-manylinux_2_24_aarch64.manylinux_2_28_aarch64.whl", hash = "sha256:854d00d556406bffe66a4c0802f334c9ad5a96b4f1f868adf036a21b11ef13ff"},
    {file = "pandas-2.3.3-cp39-cp39-manylinux_2_24_x86_64.manylinux_2_28_x86_64.whl", hash = "sha256:bf1f8a81d04ca90e32a0aceb819d34dbd378a98bf923b6398b9a3ec0bf44de29"},
    {file = "pandas-2.3.3-cp39-cp39-musllinux_1_2_aarch64.whl", hash = "sha256:23ebd657a4d38268c7dfbdf089fbc31ea709d82e4923c5ffd4fbd5747133ce73"},
    {file = "pandas-2.3.3-cp39-cp39-musllinux_1_2_x86_64.whl", hash = "sha256:5554c929ccc317d41a5e3d1234f3be588248e61f08a74dd17c9eabb535777dc9"},
    {file = "pandas-2.3.3-cp39-cp39-win_amd64.whl", hash = "sha256:d3e28b3e83862ccf4d85ff19cf8c20b2ae7e503881711ff2d534dc8f761131aa"},
    {file = "pandas-2.3.3.tar.gz", hash = "sha256:e05e1af93b977f7eafa636d043f9f94c7ee3ac81af99c13508215942e64c993b"},
]

[package.dependencies]
numpy = {version = ">=1.26.0", markers = "python_version >= \"3.12\""}
python-dateutil = ">=2.8.2"
pytz = ">=2020.1"
tzdata = ">=2022.7"

[package.extras]
all = ["PyQt5 (>=5.15.9)", "SQLAlchemy (>=2.0.0)", "adbc-driver-postgresql (>=0.8.0)", "adbc-driver-sqlite (>=0.8.0)", "beautifulsoup4 (>=4.11.2)", "bottleneck (>=1.3.6)", "dataframe-api-compat (>=0.1.7)", "fastparquet (>=2022.12.0)", "fsspec (>=2022.11.0)", "gcsfs (>=2022.11.0)", "html5lib (>=1.1)", "hypothesis (>=6.46.1)", "jinja2 (>=3.1.2)", "lxml (>=4.9.2)", "matplotlib (>=3.6.3)", "numba (>=0.56.4)", "numexpr (>=2.8.4)", "odfpy (>=1.4.1)", "openpyxl (>=3.1.0)", "pandas-gbq (>=0.19.0)", "psycopg2 (>=2.9.6)", "pyarrow (>=10.0.1)", "pymysql (>=1.0.2)", "pyreadstat (>=1.2.0)", "pytest (>=7.3.2)", "pytest-xdist (>=2.2.0)", "python-calamine (>=0.1.7)", "pyxlsb (>=1.0.10)", "qtpy (>=2.3.0)", "s3fs (>=2022.11.0)", "scipy (>=1.10.0)", "tables (>=3.8.0)", "tabulate (>=0.9.0)", "xarray (>=2022.12.0)", "xlrd (>=2.0.1)", "xlsxwriter (>=3.0.5)", "zstandard (>=0.19.0)"]
aws = ["s3fs (>=2022.11.0)"]
clipboard = ["PyQt5 (>=5.15.9)", "qtpy (>=2.3.0)"]
compression = ["zstandard (>=0.19.0)"]
computation = ["scipy (>=1.10.0)", "xarray (>=2022.12.0)"]
consortium-standard = ["dataframe-api-compat (>=0.1.7)"]
excel = ["odfpy (>=1.4.1)", "openpyxl (>=3.1.0)", "python-calamine (>=0.1.7)", "pyxlsb (>=1.0.10)", "xlrd (>=2.0.1)", "xlsxwriter (>=3.0.5)"]
feather = ["pyarrow (>=10.0.1)"]
fss = ["fsspec (>=2022.11.0)"]
gcp = ["gcsfs (>=2022.11.0)", "pandas-gbq (>=0.19.0)"]
hdf5 = ["tables (>=3.8.0)"]
html = ["beautifulsoup4 (>=4.11.2)", "html5lib (>=1.1)", "lxml (>=4.9.2)"]
mysql = ["SQLAlchemy (>=2.0.0)", "pymysql (>=1.0.2)"]
output-formatting = ["jinja2 (>=3.1.2)", "tabulate (>=0.9.0)"]
parquet = ["pyarrow (>=10.0.1)"]
performance = ["bottleneck (>=1.3.6)", "numba (>=0.56.4)", "numexpr (>=2.8.4)"]
plot = ["matplotlib (>=3.6.3)"]
postgresql = ["SQLAlchemy (>=2.0.0)", "adbc-driver-postgresql (>=0.8.0)", "psycopg2 (>=2.9.6)"]
pyarrow = ["pyarrow (>=10.0.1)"]
spss = ["pyreadstat (>=1.2.0)"]
sql-other = ["SQLAlchemy (>=2.0.0)", "adbc-driver-postgresql (>=0.8.0)", "adbc-driver-sqlite (>=0.8.0)"]
test = ["hypothesis (>=6.46.1)", "pytest (>=7.3.2)", "pytest-xdist (>=2.2.0)"]
xml = ["lxml (>=4.9.2)"]

[[package]]
name = "python-dateutil"
version = "2.9.0.post0"
description = "Extensions to the standard Python datetime module"
optional = false
python-versions = "!=3.0.*,!=3.1.*,!=3.2.*,>=2.7"
groups = ["main"]
files = [
    {file = "python-dateutil-2.9.0.post0.tar.gz", hash = "sha256:37dd54208da7e1cd875388217d5e00ebd4179249f90fb72437e91a35459a0ad3"},
    {file = "python_dateutil-2.9.0.post0-py2.py3-none-any.whl", hash = "sha256:a8b2bc7bffae282281c8140a97d3aa9c14da0b136dfe83f850eea9a5f7470427"},
]

[package.dependencies]
six = ">=1.5"

[[package]]
name = "pytz"
version = "2026.2"
description = "World timezone definitions, modern and historical"
optional = false
python-versions = "*"
groups = ["main"]
files = [
    {file = "pytz-2026.2-py2.py3-none-any.whl", hash = "sha256:04156e608bee23d3792fd45c94ae47fae1036688e75032eea2e3bf0323d1f126"},
    {file = "pytz-2026.2.tar.gz", hash = "sha256:0e60b47b29f21574376f218fe21abc009894a2321ea16c6754f3cad6eb7cdd6a"},
]

[[package]]
name = "six"
version = "1.17.0"
description = "Python 2 and 3 compatibility utilities"
optional = false
python-versions = "!=3.0.*,!=3.1.*,!=3.2.*,>=2.7"
groups = ["main"]
files = [
    {file = "six-1.17.0-py2.py3-none-any.whl", hash = "sha256:4721f391ed90541fddacab5acf947aa0d3dc7d27b2e1e8eda2be8970586c3274"},
    {file = "six-1.17.0.tar.gz", hash = "sha256:ff70335d468e7eb6ec65b95b99d3a2836546063f63acc5171de367e834932a81"},
]

[[package]]
name = "sqlalchemy"
version = "2.0.51"
description = "Database Abstraction Library"
optional = false
python-versions = ">=3.7"
groups = ["main"]
files = [
    {file = "sqlalchemy-2.0.51-cp310-cp310-macosx_11_0_arm64.whl", hash = "sha256:0e8203d2fbd5c6254692ef0a72c740d75b2f3c7ca345404f4c1a4604813c77c0"},
    {file = "sqlalchemy-2.0.51-cp310-cp310-manylinux2014_aarch64.manylinux_2_17_aarch64.manylinux_2_28_aarch64.whl", hash = "sha256:1af05726b3d0cdba1c55284bf408fd3b792e690fe2399bfb8304565551cda652"},
    {file = "sqlalchemy-2.0.51-cp310-cp310-manylinux2014_x86_64.manylinux_2_17_x86_64.manylinux_2_28_x86_64.whl", hash = "sha256:2e54ff2dd657f2e3e0fbf2b097db1182f7bfea263eca4353f00065bae2a67c3d"},
    {file = "sqlalchemy-2.0.51-cp310-cp310-musllinux_1_2_aarch64.whl", hash = "sha256:1e47b1199c2e832e325eacabc8d32d2487f58c9358f97e9a00f5eb93c5680d84"},
    {file = "sqlalchemy-2.0.51-cp310-cp310-musllinux_1_2_x86_64.whl", hash = "sha256:c68568f3facf8f66fa76c60e0ced69b67666ffa9941d1d0a3756fda196049080"},
    {file = "sqlalchemy-2.0.51-cp310-cp310-win32.whl", hash = "sha256:0592bdadf86ddcabfd72d9ab66ea8a5d8d2cc6be1cc51fa7e66c03868ac5eac1"},
    {file = "sqlalchemy-2.0.51-cp310-cp310-win_amd64.whl", hash = "sha256:740cf6f35351b1ac3d82369152acf1d51d37e3dcf85d4dc0a22ca01410eabe2a"},
    {file = "sqlalchemy-2.0.51-cp311-cp311-macosx_11_0_arm64.whl", hash = "sha256:1aa10c0daee6705294d181daadaa793221e1a59ed55000a3fab1d42b088ce4ba"},
    {file = "sqlalchemy-2.0.51-cp311-cp311-manylinux2014_aarch64.manylinux_2_17_aarch64.manylinux_2_28_aarch64.whl", hash = "sha256:a5b2ed6d828f1f09bd812861f4f59ca3bc3803f9df871f4555187f0faf018604"},
    {file = "sqlalchemy-2.0.51-cp311-cp311-manylinux2014_x86_64.manylinux_2_17_x86_64.manylinux_2_28_x86_64.whl", hash = "sha256:436728ce18a80f6951a1e11cc6112c2ede9faf20766f1a26195a7c441ca12dbd"},
    {file = "sqlalchemy-2.0.51-cp311-cp311-musllinux_1_2_aarch64.whl", hash = "sha256:dc261707bf5739aea8a541593f3cc1d463c2701fb05fbcbba0ce031b69a21260"},
    {file = "sqlalchemy-2.0.51-cp311-cp311-musllinux_1_2_x86_64.whl", hash = "sha256:a6d26094615306d116dd5e4a51b0304c99dd2356fc569eed6922a80a6bd3b265"},
    {file = "sqlalchemy-2.0.51-cp311-cp311-win32.whl", hash = "sha256:ca8435d13829b92f4a97362d91975154a4015db3a2634154e1754e9a915e6b86"},
    {file = "sqlalchemy-2.0.51-cp311-cp311-win_amd64.whl", hash = "sha256:4a011ea4510683319ce4ed274b56ee05194b39b6da9d09ca7a39388f0fa84dcc"},
    {file = "sqlalchemy-2.0.51-cp312-cp312-macosx_11_0_arm64.whl", hash = "sha256:7d78702b26ba1c18b2d0fb2ea940ba7f17a9581b42e8361ff93920ebbee1235a"},
    {file = "sqlalchemy-2.0.51-cp312-cp312-manylinux2014_aarch64.manylinux_2_17_aarch64.manylinux_2_28_aarch64.whl", hash = "sha256:581921d849d6e6f994d560389192955e80e2950e18fcdfe2ccea863e01158e6e"},
    {file = "sqlalchemy-2.0.51-cp312-cp312-manylinux2014_x86_64.manylinux_2_17_x86_64.manylinux_2_28_x86_64.whl", hash = "sha256:1d21ce524ab86c23046e992a5b81cb54c21079c6df6e78b8fc77d77cac70a6b9"},
    {file = "sqlalchemy-2.0.51-cp312-cp312-musllinux_1_2_aarch64.whl", hash = "sha256:c5d98a2709840027f5a347c3af0a7c3d5f6c1ff93af2ca1c54494e23cba8f389"},
    {file = "sqlalchemy-2.0.51-cp312-cp312-musllinux_1_2_x86_64.whl", hash = "sha256:1181256e0f16479691b5616d36375dc2620ad8332b25978763c3d206ad3f3f1d"},
    {file = "sqlalchemy-2.0.51-cp312-cp312-win32.whl", hash = "sha256:9f380393be5abeb6815f68fd39271b95127173511b6706b0a630a9995d53f8f5"},
    {file = "sqlalchemy-2.0.51-cp312-cp312-win_amd64.whl", hash = "sha256:2cf39aabdf48e87c1c2c2ed6d20d33ffa0733b3071ce9c5f66357947dd009080"},
    {file = "sqlalchemy-2.0.51-cp313-cp313-macosx_11_0_arm64.whl", hash = "sha256:7c2056838b6685b72fdb36c99996cf862753461a62f2e84f4196371d3b2d6a07"},
    {file = "sqlalchemy-2.0.51-cp313-cp313-manylinux2014_aarch64.manylinux_2_17_aarch64.manylinux_2_28_aarch64.whl", hash = "sha256:483b11bd46bf35fc14c52faf338b04300c9e6ce554bce9b11be85bfec3bc3195"},
    {file = "sqlalchemy-2.0.51-cp313-cp313-manylinux2014_x86_64.manylinux_2_17_x86_64.manylinux_2_28_x86_64.whl", hash = "sha256:1bed1ee8b01da6088210aa9412023326fb98a599ba502e6118308601dcbef77f"},
    {file = "sqlalchemy-2.0.51-cp313-cp313-musllinux_1_2_aarch64.whl", hash = "sha256:72ca54c952107ba5cd58854b67a5a6268631289d21651a1235396f3b98b47400"},
    {file = "sqlalchemy-2.0.51-cp313-cp313-musllinux_1_2_x86_64.whl", hash = "sha256:b3e693d15533a45cd5906f0589f9c35090bef6ef45bf1e8195c424aa0ae06a8d"},
    {file = "sqlalchemy-2.0.51-cp313-cp313-win32.whl", hash = "sha256:b93ab07b5292dbe7e6b8da89475275e7042744283921344b56105f3eeb0f828b"},
    {file = "sqlalchemy-2.0.51-cp313-cp313-win_amd64.whl", hash = "sha256:0f053118c30e53161857a953e4de667d90e274980dccbe5dd3829bbbeece72a5"},
    {file = "sqlalchemy-2.0.51-cp314-cp314-macosx_11_0_arm64.whl", hash = "sha256:6ea306caaae6bd5afd0a46050003c88f6bf33227377a49298c498c3cb88ff491"},
    {file = "sqlalchemy-2.0.51-cp314-cp314-manylinux2014_aarch64.manylinux_2_17_aarch64.manylinux_2_28_aarch64.whl", hash = "sha256:c45a496d6bc05dec41dcd4c3a2b183723f47473255c159cd80b503c8f246424d"},
    {file = "sqlalchemy-2.0.51-cp314-cp314-manylinux2014_x86_64.manylinux_2_17_x86_64.manylinux_2_28_x86_64.whl", hash = "sha256:4004ada0aafe8ae1991b2cd1d99c6d9146126e123bd6f883c260d974aa012e54"},
    {file = "sqlalchemy-2.0.51-cp314-cp314-musllinux_1_2_aarch64.whl", hash = "sha256:0f6bcad487aee1c638d707235682fc96f741de00663619881ab235400d03289e"},
    {file = "sqlalchemy-2.0.51-cp314-cp314-musllinux_1_2_x86_64.whl", hash = "sha256:39a76529db6305693d8d4affa58ad5b5e2e18edd62daea628b29b97930b3513d"},
    {file = "sqlalchemy-2.0.51-cp314-cp314-win32.whl", hash = "sha256:08a204d8b5638717c26a24df18fcf40af45a6b22e35b70b1d62f0113c2e278e8"},
    {file = "sqlalchemy-2.0.51-cp314-cp314-win_amd64.whl", hash = "sha256:96747bfbadb055466e5b46d572618170046b45ce5a4879167f50d70a5319a499"},
    {file = "sqlalchemy-2.0.51-cp314-cp314t-macosx_11_0_arm64.whl", hash = "sha256:e5ea1a213be1fcd5e49d9904c3b9939211ded90bc2a64e93f4c01963474285de"},
    {file = "sqlalchemy-2.0.51-cp314-cp314t-manylinux2014_aarch64.manylinux_2_17_aarch64.manylinux_2_28_aarch64.whl", hash = "sha256:7c6b36ed71f41942bdcd2ad2522be46bfce09d5705be5640ecf19bbc7660e4b7"},
    {file = "sqlalchemy-2.0.51-cp314-cp314t-manylinux2014_x86_64.manylinux_2_17_x86_64.manylinux_2_28_x86_64.whl", hash = "sha256:0c2c62877097e1a0db401fba5cb4debee33265e5b2a55c4ccb489c02c53b4f72"},
    {file = "sqlalchemy-2.0.51-cp314-cp314t-musllinux_1_2_aarch64.whl", hash = "sha256:0378d055e9e8cd6ce4d8dff683bdd3d7d413533c4ee51d67a2b1e0f9eacc0f23"},
    {file = "sqlalchemy-2.0.51-cp314-cp314t-musllinux_1_2_x86_64.whl", hash = "sha256:6e46fc36029eff666391e0531e5387b62ce6c4f1d8e50b3fb3099eaca1b42522"},
    {file = "sqlalchemy-2.0.51-cp314-cp314t-win32.whl", hash = "sha256:9161cfc9efce70d1715f47d6ff40f79c6778c00d53be4fbc09d70301e4b83ba7"},
    {file = "sqlalchemy-2.0.51-cp314-cp314t-win_amd64.whl", hash = "sha256:159bb6ba32059f57ad7375a8f50d844dd2f19d14954ecf820cd33e20debd46b2"},
    {file = "sqlalchemy-2.0.51-cp38-cp38-macosx_11_0_arm64.whl", hash = "sha256:bb1f5062f98b0b3290e72b707747fdd7e0f22d6956b236ba7ca7f5c9971d2da2"},
    {file = "sqlalchemy-2.0.51-cp38-cp38-manylinux2014_aarch64.manylinux_2_17_aarch64.manylinux_2_28_aarch64.whl", hash = "sha256:247acaa29ccef6250dfd6a3eedf8f94ddf23564180a39fe362e32ae9dbdbde46"},
    {file = "sqlalchemy-2.0.51-cp38-cp38-manylinux2014_x86_64.manylinux_2_17_x86_64.manylinux_2_28_x86_64.whl", hash = "sha256:c95ef01f53233a305a874a44a63fbfb1d81cd79b49de0f8529b3548cde437e37"},
    {file = "sqlalchemy-2.0.51-cp38-cp38-musllinux_1_2_aarch64.whl", hash = "sha256:fa268106c8987639a17a18514cfe0cd9bf17420ab887e1e1bf486da8836135b1"},
    {file = "sqlalchemy-2.0.51-cp38-cp38-musllinux_1_2_x86_64.whl", hash = "sha256:b7f08588854bbb724041d9ae9d980d40040c922382e1d9a2ecb390edc4fd5032"},
    {file = "sqlalchemy-2.0.51-cp38-cp38-win32.whl", hash = "sha256:6b588fd681ddf0c196b8df1ea49a8913514894b2b8f945a9511b4b48871f99c8"},
    {file = "sqlalchemy-2.0.51-cp38-cp38-win_amd64.whl", hash = "sha256:ca216e8af5c05e326efc7e28716ac2381a7cf9791749f5ee1849dccdc99c9b00"},
    {file = "sqlalchemy-2.0.51-cp39-cp39-macosx_11_0_arm64.whl", hash = "sha256:aa18ae738b5170e253ad0bb6c4b0f07585081e8a6e50893e4d911d47b39a0904"},
    {file = "sqlalchemy-2.0.51-cp39-cp39-manylinux2014_aarch64.manylinux_2_17_aarch64.manylinux_2_28_aarch64.whl", hash = "sha256:59cab3686b1bc039dd9cded2f8d0c08a246e84e76bd4ab5b4f18c7cdae293825"},
    {file = "sqlalchemy-2.0.51-cp39-cp39-manylinux2014_x86_64.manylinux_2_17_x86_64.manylinux_2_28_x86_64.whl", hash = "sha256:111604e637da87031255ddc26c7d7bc22bc6af6f5d459ccff3af1b4660233a85"},
    {file = "sqlalchemy-2.0.51-cp39-cp39-musllinux_1_2_aarch64.whl", hash = "sha256:ad30ae663711786303fbcd46a47516302d201ee49a877cb3fac61f672895110a"},
    {file = "sqlalchemy-2.0.51-cp39-cp39-musllinux_1_2_x86_64.whl", hash = "sha256:b21f0e7efc7a5c509e953784e9d1575ebb8b4318960e7e7d7a93bb803626cf64"},
    {file = "sqlalchemy-2.0.51-cp39-cp39-win32.whl", hash = "sha256:a42ad6afcbaaa777241e347aa2e29155993045a0d6b7db74da61053ffe875fe0"},
    {file = "sqlalchemy-2.0.51-cp39-cp39-win_amd64.whl", hash = "sha256:2a97eaad21c84b4ef8010b11eeba9fe6153eb0b3df3ff8b6abc309df1b978ef7"},
    {file = "sqlalchemy-2.0.51-py3-none-any.whl", hash = "sha256:bb024d8b621d0be75f4f44ecc7c950450026e76d66dc8f791bb5331d7fed59d5"},
    {file = "sqlalchemy-2.0.51.tar.gz", hash = "sha256:804dccd8a4a6242c4e30ad961e540e18a588f6527202f2d6791b01845d59fdc9"},
]

[package.dependencies]
greenlet = {version = ">=1", markers = "platform_machine == \"aarch64\" or platform_machine == \"ppc64le\" or platform_machine == \"x86_64\" or platform_machine == \"amd64\" or platform_machine == \"AMD64\" or platform_machine == \"win32\" or platform_machine == \"WIN32\""}
typing-extensions = ">=4.6.0"

[package.extras]
aiomysql = ["aiomysql (>=0.2.0)", "greenlet (>=1)"]
aioodbc = ["aioodbc", "greenlet (>=1)"]
aiosqlite = ["aiosqlite", "greenlet (>=1)", "typing_extensions (!=3.10.0.1)"]
asyncio = ["greenlet (>=1)"]
asyncmy = ["asyncmy (>=0.2.3,!=0.2.4,!=0.2.6)", "greenlet (>=1)"]
mariadb-connector = ["mariadb (>=1.0.1,!=1.1.2,!=1.1.5,!=1.1.10)"]
mssql = ["pyodbc"]
mssql-pymssql = ["pymssql"]
mssql-pyodbc = ["pyodbc"]
mypy = ["mypy (>=0.910)"]
mysql = ["mysqlclient (>=1.4.0)"]
mysql-connector = ["mysql-connector-python"]
oracle = ["cx_oracle (>=8)"]
oracle-oracledb = ["oracledb (>=1.0.1)"]
postgresql = ["psycopg2 (>=2.7)"]
postgresql-asyncpg = ["asyncpg", "greenlet (>=1)"]
postgresql-pg8000 = ["pg8000 (>=1.29.1)"]
postgresql-psycopg = ["psycopg (>=3.0.7)"]
postgresql-psycopg2binary = ["psycopg2-binary"]
postgresql-psycopg2cffi = ["psycopg2cffi"]
postgresql-psycopgbinary = ["psycopg[binary] (>=3.0.7)"]
pymysql = ["pymysql"]
sqlcipher = ["sqlcipher3_binary"]

[[package]]
name = "typing-extensions"
version = "4.16.0"
description = "Backported and Experimental Type Hints for Python 3.9+"
optional = false
python-versions = ">=3.9"
groups = ["main"]
files = [
    {file = "typing_extensions-4.16.0-py3-none-any.whl", hash = "sha256:481caa481374e813c1b176ada14e97f1f67a4539ce9cfeb3f350d78d6370c2e8"},
    {file = "typing_extensions-4.16.0.tar.gz", hash = "sha256:dc983d19a509c94dba722ee6abd33940f7c05a89e243c47e907eb4db6f1a43e5"},
]

[[package]]
name = "tzdata"
version = "2026.2"
description = "Provider of IANA time zone data"
optional = false
python-versions = ">=2"
groups = ["main"]
files = [
    {file = "tzdata-2026.2-py2.py3-none-any.whl", hash = "sha256:bbe9af844f658da81a5f95019480da3a89415801f6cc966806612cc7169bffe7"},
    {file = "tzdata-2026.2.tar.gz", hash = "sha256:9173fde7d80d9018e02a662e168e5a2d04f87c41ea174b139fbef642eda62d10"},
]

[metadata]
lock-version = "2.1"
python-versions = ">=3.14"
content-hash = "bcdc51741d64e564976b479ff5e8f40755027f1c1b0f14067ffe615834562153"
